
Microsoft Visual Studio Solution File, Format Version 12.00
# Visual Studio Version 17
VisualStudioVersion = 17.0.32112.339
MinimumVisualStudioVersion = 10.0.40219.1
Project("{9A19103F-16F7-4668-BE54-9A1E7A4F7556}") = "GameListApiWorker", "GameListApiWorker\GameListApiWorker.csproj", "{FDE61D73-32CD-4208-9D45-D97F1D8AE74F}"
EndProject
Project("{FAE04EC0-301F-11D3-BF4B-00C04F79EFBC}") = "GameListApiWorker.Contracts", "GameListApiWorker.Contracts\GameListApiWorker.Contracts.csproj", "{DDBBB57D-E441-4E73-B837-FC93726B20C4}"
EndProject
Global
	GlobalSection(SolutionConfigurationPlatforms) = preSolution
		Debug|Any CPU = Debug|Any CPU
		Release|Any CPU = Release|Any CPU
	EndGlobalSection
	GlobalSection(ProjectConfigurationPlatforms) = postSolution
		{FDE61D73-32CD-4208-9D45-D97F1D8AE74F}.Debug|Any CPU.ActiveCfg = Debug|Any CPU
		{FDE61D73-32CD-4208-9D45-D97F1D8AE74F}.Debug|Any CPU.Build.0 = Debug|Any CPU
		{FDE61D73-32CD-4208-9D45-D97F1D8AE74F}.Release|Any CPU.ActiveCfg = Release|Any CPU
		{FDE61D73-32CD-4208-9D45-D97F1D8AE74F}.Release|Any CPU.Build.0 = Release|Any CPU
		{DDBBB57D-E441-4E73-B837-FC93726B20C4}.Debug|Any CPU.ActiveCfg = Debug|Any CPU
		{DDBBB57D-E441-4E73-B837-FC93726B20C4}.Debug|Any CPU.Build.0 = Debug|Any CPU
		{DDBBB57D-E441-4E73-B837-FC93726B20C4}.Release|Any CPU.ActiveCfg = Release|Any CPU
		{DDBBB57D-E441-4E73-B837-FC93726B20C4}.Release|Any CPU.Build.0 = Release|Any CPU
	EndGlobalSection
	GlobalSection(SolutionProperties) = preSolution
		HideSolutionNode = FALSE
	EndGlobalSection
	GlobalSection(ExtensibilityGlobals) = postSolution
		SolutionGuid = {BD9D01CE-9542-40DD-92FB-6DFAF8EF7696}
	EndGlobalSection
EndGlobal
